<?xml version="1.0" encoding="utf-8"?>
<Project ToolsVersion="4.0" xmlns="http://schemas.microsoft.com/developer/msbuild/2003">
  <ItemGroup>
    <Filter Include="Source Files">
      <UniqueIdentifier>{4FC737F1-C7A5-4376-A066-2A32D752A2FF}</UniqueIdentifier>
      <Extensions>cpp;c;cc;cxx;def;odl;idl;hpj;bat;asm;asmx</Extensions>
    </Filter>
    <Filter Include="Header Files">
      <UniqueIdentifier>{93995380-89BD-4b04-88EB-625FBE52EBFB}</UniqueIdentifier>
      <Extensions>h;hh;hpp;hxx;hm;inl;inc;ipp;xsd</Extensions>
    </Filter>
    <Filter Include="Resource Files">
      <UniqueIdentifier>{67DA6AB6-F800-4c08-8B7A-83BB121AAD01}</UniqueIdentifier>
      <Extensions>rc;ico;cur;bmp;dlg;rc2;rct;bin;rgs;gif;jpg;jpeg;jpe;resx;tiff;tif;png;wav;mfcribbon-ms</Extensions>
    </Filter>
    <Filter Include="Source Files\Shaders">
      <UniqueIdentifier>{1ebd3579-4e41-41e5-83c5-7fb0f6829683}</UniqueIdentifier>
    </Filter>
  </ItemGroup>
  <ItemGroup>
    <ClCompile Include="Camera.cpp">
      <Filter>Source Files</Filter>
    </ClCompile>
    <ClCompile Include="Engine.cpp">
      <Filter>Source Files</Filter>
    </ClCompile>
    <ClCompile Include="GameState.cpp">
      <Filter>Source Files</Filter>
    </ClCompile>
    <ClCompile Include="GObject.cpp">
      <Filter>Source Files</Filter>
    </ClCompile>
    <ClCompile Include="main.cpp">
      <Filter>Source Files</Filter>
    </ClCompile>
    <ClCompile Include="shader.cpp">
      <Filter>Source Files</Filter>
    </ClCompile>
    <ClCompile Include="objloader.cpp">
      <Filter>Source Files</Filter>
    </ClCompile>
    <ClCompile Include="Particle.cpp">
      <Filter>Source Files</Filter>
    </ClCompile>
<<<<<<< HEAD
<<<<<<< HEAD
=======
>>>>>>> Implemented update function for Particles and the new Wormhole class that manages each Particle. Implemented interpolation of Particles. Implemented alpha value (transparency ratio) in the image loader. Still need to implement the "cone" function in Wormhole.h & its passing to Particles on construction, "shaping" function in Wormhole.cpp & its passing to Particles on construction, and Particle's update based on those functions.
    <ClCompile Include="GameMenu.cpp">
      <Filter>Source Files</Filter>
    </ClCompile>
<<<<<<< HEAD
    <ClCompile Include="Wormhole.cpp">
      <Filter>Source Files</Filter>
    </ClCompile>
<<<<<<< HEAD
<<<<<<< HEAD
=======
>>>>>>> Latest, got shiz
    <ClCompile Include="emigration\vertexArray.cpp">
      <Filter>Source Files</Filter>
    </ClCompile>
    <ClCompile Include="emigration\vertexBuffer.cpp">
      <Filter>Source Files</Filter>
    </ClCompile>
<<<<<<< HEAD
=======
>>>>>>> Created Particle class. Uses a list<term> to keep track of the function (list of terms) that each Particle will update based on. (term has a coefficient and exponent)
=======
>>>>>>> Implemented update function for Particles and the new Wormhole class that manages each Particle. Implemented interpolation of Particles. Implemented alpha value (transparency ratio) in the image loader. Still need to implement the "cone" function in Wormhole.h & its passing to Particles on construction, "shaping" function in Wormhole.cpp & its passing to Particles on construction, and Particle's update based on those functions.
=======
    <ClCompile Include="Asteroid.cpp">
      <Filter>Source Files</Filter>
    </ClCompile>
>>>>>>> Implemented Asteroids
=======
    <ClCompile Include="Player.cpp">
      <Filter>Source Files</Filter>
    </ClCompile>
<<<<<<< HEAD
>>>>>>> updated player class with input switch case
=======
    <ClCompile Include="Wormhole.cpp">
      <Filter>Source Files</Filter>
    </ClCompile>
    <ClCompile Include="Asteroid.cpp">
      <Filter>Source Files</Filter>
    </ClCompile>
>>>>>>> Latest, got shiz
  </ItemGroup>
  <ItemGroup>
    <ClInclude Include="Camera.h">
      <Filter>Source Files</Filter>
    </ClInclude>
    <ClInclude Include="Engine.h">
      <Filter>Source Files</Filter>
    </ClInclude>
    <ClInclude Include="GameState.h">
      <Filter>Source Files</Filter>
    </ClInclude>
    <ClInclude Include="GObject.h">
      <Filter>Source Files</Filter>
    </ClInclude>
    <ClInclude Include="shader.hpp">
      <Filter>Source Files</Filter>
    </ClInclude>
    <ClInclude Include="objloader.hpp">
      <Filter>Source Files</Filter>
    </ClInclude>
    <ClInclude Include="Particle.h">
      <Filter>Source Files</Filter>
    </ClInclude>
<<<<<<< HEAD
<<<<<<< HEAD
=======
>>>>>>> Implemented update function for Particles and the new Wormhole class that manages each Particle. Implemented interpolation of Particles. Implemented alpha value (transparency ratio) in the image loader. Still need to implement the "cone" function in Wormhole.h & its passing to Particles on construction, "shaping" function in Wormhole.cpp & its passing to Particles on construction, and Particle's update based on those functions.
    <ClInclude Include="GameMenu.h">
      <Filter>Source Files</Filter>
    </ClInclude>
    <ClInclude Include="Term.h">
      <Filter>Source Files</Filter>
    </ClInclude>
<<<<<<< HEAD
<<<<<<< HEAD
    <ClInclude Include="emigration\vertexArray.h">
      <Filter>Header Files</Filter>
    </ClInclude>
    <ClInclude Include="emigration\vertexBuffer.h">
      <Filter>Header Files</Filter>
    </ClInclude>
<<<<<<< HEAD
=======
>>>>>>> Created Particle class. Uses a list<term> to keep track of the function (list of terms) that each Particle will update based on. (term has a coefficient and exponent)
=======
>>>>>>> Implemented update function for Particles and the new Wormhole class that manages each Particle. Implemented interpolation of Particles. Implemented alpha value (transparency ratio) in the image loader. Still need to implement the "cone" function in Wormhole.h & its passing to Particles on construction, "shaping" function in Wormhole.cpp & its passing to Particles on construction, and Particle's update based on those functions.
=======
    <ClInclude Include="Asteroid.h">
      <Filter>Source Files</Filter>
    </ClInclude>
>>>>>>> Implemented Asteroids
=======
    <ClInclude Include="Player.h">
      <Filter>Header Files</Filter>
    </ClInclude>
<<<<<<< HEAD
>>>>>>> updated player class with input switch case
=======
    <ClInclude Include="Wormhole.h">
      <Filter>Header Files</Filter>
    </ClInclude>
    <ClInclude Include="Asteroid.h">
      <Filter>Header Files</Filter>
    </ClInclude>
>>>>>>> Latest, got shiz
  </ItemGroup>
  <ItemGroup>
    <None Include="TextureFragmentShader.fragmentshader">
      <Filter>Source Files\Shaders</Filter>
    </None>
    <None Include="TransformVertexShader.vertexshader">
      <Filter>Source Files\Shaders</Filter>
    </None>
    <None Include="packages.config" />
  </ItemGroup>
  <ItemGroup>
    <Text Include="assyNotes.txt" />
  </ItemGroup>
</Project>